
Microsoft Visual Studio Solution File, Format Version 12.00
# Visual Studio Version 16
VisualStudioVersion = 16.0.30907.101
MinimumVisualStudioVersion = 10.0.40219.1
Project("{FAE04EC0-301F-11D3-BF4B-00C04F79EFBC}") = "EquipBestItem", "EquipBestItem\EquipBestItem.csproj", "{85725E3B-FCA6-41FD-B3D2-4E541B6D683E}"
EndProject
Global
	GlobalSection(SolutionConfigurationPlatforms) = preSolution
		Debug|x64 = Debug|x64
		Release|x64 = Release|x64
	EndGlobalSection
	GlobalSection(ProjectConfigurationPlatforms) = postSolution
		{85725E3B-FCA6-41FD-B3D2-4E541B6D683E}.Debug|x64.ActiveCfg = Debug|x64
		{85725E3B-FCA6-41FD-B3D2-4E541B6D683E}.Debug|x64.Build.0 = Debug|x64
		{85725E3B-FCA6-41FD-B3D2-4E541B6D683E}.Release|x64.ActiveCfg = Release|x64
		{85725E3B-FCA6-41FD-B3D2-4E541B6D683E}.Release|x64.Build.0 = Release|x64
	EndGlobalSection
	GlobalSection(SolutionProperties) = preSolution
		HideSolutionNode = FALSE
	EndGlobalSection
	GlobalSection(ExtensibilityGlobals) = postSolution
		SolutionGuid = {EBCB91C0-E6E3-4825-84D5-5084158EA488}
	EndGlobalSection
EndGlobal
